
Microsoft Visual Studio Solution File, Format Version 12.00
# Visual Studio Version 17
VisualStudioVersion = 17.9.34723.18
MinimumVisualStudioVersion = 10.0.40219.1
Project("{9A19103F-16F7-4668-BE54-9A1E7A4F7556}") = "Lesson7TaskContinuetionAsyncawaitkeyword", "Lesson7TaskContinuetionAsyncawaitkeyword\Lesson7TaskContinuetionAsyncawaitkeyword.csproj", "{2D9D8AE0-8159-444E-9970-117AEF6866D8}"
EndProject
Project("{FAE04EC0-301F-11D3-BF4B-00C04F79EFBC}") = "Example", "Example\Example.csproj", "{9F449F43-7F65-4355-8FE4-9831A7C8BCFB}"
EndProject
Global
	GlobalSection(SolutionConfigurationPlatforms) = preSolution
		Debug|Any CPU = Debug|Any CPU
		Release|Any CPU = Release|Any CPU
	EndGlobalSection
	GlobalSection(ProjectConfigurationPlatforms) = postSolution
		{2D9D8AE0-8159-444E-9970-117AEF6866D8}.Debug|Any CPU.ActiveCfg = Debug|Any CPU
		{2D9D8AE0-8159-444E-9970-117AEF6866D8}.Debug|Any CPU.Build.0 = Debug|Any CPU
		{2D9D8AE0-8159-444E-9970-117AEF6866D8}.Release|Any CPU.ActiveCfg = Release|Any CPU
		{2D9D8AE0-8159-444E-9970-117AEF6866D8}.Release|Any CPU.Build.0 = Release|Any CPU
		{9F449F43-7F65-4355-8FE4-9831A7C8BCFB}.Debug|Any CPU.ActiveCfg = Debug|Any CPU
		{9F449F43-7F65-4355-8FE4-9831A7C8BCFB}.Debug|Any CPU.Build.0 = Debug|Any CPU
		{9F449F43-7F65-4355-8FE4-9831A7C8BCFB}.Release|Any CPU.ActiveCfg = Release|Any CPU
		{9F449F43-7F65-4355-8FE4-9831A7C8BCFB}.Release|Any CPU.Build.0 = Release|Any CPU
	EndGlobalSection
	GlobalSection(SolutionProperties) = preSolution
		HideSolutionNode = FALSE
	EndGlobalSection
	GlobalSection(ExtensibilityGlobals) = postSolution
		SolutionGuid = {D81DC2EE-DE04-43F3-8526-9CD2F921D729}
	EndGlobalSection
EndGlobal
